
Microsoft Visual Studio Solution File, Format Version 12.00
# Visual Studio Version 16
VisualStudioVersion = 16.0.810.25
MinimumVisualStudioVersion = 10.0.40219.1
Project("{FAE04EC0-301F-11D3-BF4B-00C04F79EFBC}") = "Synchra", "Synchra\Synchra.csproj", "{AC3F83FD-DE20-441E-90E2-5254C8FA6796}"
EndProject
Project("{FAE04EC0-301F-11D3-BF4B-00C04F79EFBC}") = "TestSynchra", "TestSynchra\TestSynchra.csproj", "{83DE265E-A48B-4E31-99F2-C77D6454C4D6}"
EndProject
Global
	GlobalSection(SolutionConfigurationPlatforms) = preSolution
		Debug|Any CPU = Debug|Any CPU
		Release|Any CPU = Release|Any CPU
	EndGlobalSection
	GlobalSection(ProjectConfigurationPlatforms) = postSolution
		{AC3F83FD-DE20-441E-90E2-5254C8FA6796}.Debug|Any CPU.ActiveCfg = Debug|Any CPU
		{AC3F83FD-DE20-441E-90E2-5254C8FA6796}.Debug|Any CPU.Build.0 = Debug|Any CPU
		{AC3F83FD-DE20-441E-90E2-5254C8FA6796}.Release|Any CPU.ActiveCfg = Release|Any CPU
		{AC3F83FD-DE20-441E-90E2-5254C8FA6796}.Release|Any CPU.Build.0 = Release|Any CPU
		{83DE265E-A48B-4E31-99F2-C77D6454C4D6}.Debug|Any CPU.ActiveCfg = Debug|Any CPU
		{83DE265E-A48B-4E31-99F2-C77D6454C4D6}.Debug|Any CPU.Build.0 = Debug|Any CPU
		{83DE265E-A48B-4E31-99F2-C77D6454C4D6}.Release|Any CPU.ActiveCfg = Release|Any CPU
		{83DE265E-A48B-4E31-99F2-C77D6454C4D6}.Release|Any CPU.Build.0 = Release|Any CPU
	EndGlobalSection
	GlobalSection(SolutionProperties) = preSolution
		HideSolutionNode = FALSE
	EndGlobalSection
	GlobalSection(ExtensibilityGlobals) = postSolution
		SolutionGuid = {2C235D84-6697-4F0F-B0B6-97F13C32F0AD}
	EndGlobalSection
EndGlobal
